
Microsoft Visual Studio Solution File, Format Version 12.00
# Visual Studio Version 16
VisualStudioVersion = 16.0.31613.86
MinimumVisualStudioVersion = 10.0.40219.1
Project("{FAE04EC0-301F-11D3-BF4B-00C04F79EFBC}") = "TimesAzureFunctions.Common", "TimesAzureFunctions.Common\TimesAzureFunctions.Common.csproj", "{F2920C8B-7AFB-4B9D-81D2-BB0FCFC7FEF7}"
EndProject
Project("{FAE04EC0-301F-11D3-BF4B-00C04F79EFBC}") = "TimesAzureFunctions.Functions", "TimesAzureFunctions.Functions\TimesAzureFunctions.Functions.csproj", "{2DCAC5C5-4CC3-4046-BE56-2112FCF80984}"
EndProject
Project("{FAE04EC0-301F-11D3-BF4B-00C04F79EFBC}") = "TimesAzureFunctions.Test", "TimesAzureFunctions.Test\TimesAzureFunctions.Test.csproj", "{664536AF-6378-43B8-B4D5-2FB3AA3A97E1}"
EndProject
Global
	GlobalSection(SolutionConfigurationPlatforms) = preSolution
		Debug|Any CPU = Debug|Any CPU
		Release|Any CPU = Release|Any CPU
	EndGlobalSection
	GlobalSection(ProjectConfigurationPlatforms) = postSolution
		{F2920C8B-7AFB-4B9D-81D2-BB0FCFC7FEF7}.Debug|Any CPU.ActiveCfg = Debug|Any CPU
		{F2920C8B-7AFB-4B9D-81D2-BB0FCFC7FEF7}.Debug|Any CPU.Build.0 = Debug|Any CPU
		{F2920C8B-7AFB-4B9D-81D2-BB0FCFC7FEF7}.Release|Any CPU.ActiveCfg = Release|Any CPU
		{F2920C8B-7AFB-4B9D-81D2-BB0FCFC7FEF7}.Release|Any CPU.Build.0 = Release|Any CPU
		{2DCAC5C5-4CC3-4046-BE56-2112FCF80984}.Debug|Any CPU.ActiveCfg = Debug|Any CPU
		{2DCAC5C5-4CC3-4046-BE56-2112FCF80984}.Debug|Any CPU.Build.0 = Debug|Any CPU
		{2DCAC5C5-4CC3-4046-BE56-2112FCF80984}.Release|Any CPU.ActiveCfg = Release|Any CPU
		{2DCAC5C5-4CC3-4046-BE56-2112FCF80984}.Release|Any CPU.Build.0 = Release|Any CPU
		{664536AF-6378-43B8-B4D5-2FB3AA3A97E1}.Debug|Any CPU.ActiveCfg = Debug|Any CPU
		{664536AF-6378-43B8-B4D5-2FB3AA3A97E1}.Debug|Any CPU.Build.0 = Debug|Any CPU
		{664536AF-6378-43B8-B4D5-2FB3AA3A97E1}.Release|Any CPU.ActiveCfg = Release|Any CPU
		{664536AF-6378-43B8-B4D5-2FB3AA3A97E1}.Release|Any CPU.Build.0 = Release|Any CPU
	EndGlobalSection
	GlobalSection(SolutionProperties) = preSolution
		HideSolutionNode = FALSE
	EndGlobalSection
	GlobalSection(ExtensibilityGlobals) = postSolution
		SolutionGuid = {C2B551A6-3BEF-484E-806F-051CCA7EB153}
	EndGlobalSection
EndGlobal
